
Microsoft Visual Studio Solution File, Format Version 12.00
# Visual Studio 15
VisualStudioVersion = 15.0.28010.2016
MinimumVisualStudioVersion = 10.0.40219.1
Project("{FAE04EC0-301F-11D3-BF4B-00C04F79EFBC}") = "CityInfo.API", "CityInfo.API\CityInfo.API.csproj", "{C5F54398-2F52-4F6A-B646-59F62FF0E299}"
EndProject
Global
	GlobalSection(SolutionConfigurationPlatforms) = preSolution
		Debug|Any CPU = Debug|Any CPU
		Release|Any CPU = Release|Any CPU
	EndGlobalSection
	GlobalSection(ProjectConfigurationPlatforms) = postSolution
		{C5F54398-2F52-4F6A-B646-59F62FF0E299}.Debug|Any CPU.ActiveCfg = Debug|Any CPU
		{C5F54398-2F52-4F6A-B646-59F62FF0E299}.Debug|Any CPU.Build.0 = Debug|Any CPU
		{C5F54398-2F52-4F6A-B646-59F62FF0E299}.Release|Any CPU.ActiveCfg = Release|Any CPU
		{C5F54398-2F52-4F6A-B646-59F62FF0E299}.Release|Any CPU.Build.0 = Release|Any CPU
	EndGlobalSection
	GlobalSection(SolutionProperties) = preSolution
		HideSolutionNode = FALSE
	EndGlobalSection
	GlobalSection(ExtensibilityGlobals) = postSolution
		SolutionGuid = {1D81BFB2-E1BB-4250-B382-A4B613FE4092}
	EndGlobalSection
EndGlobal
